
Microsoft Visual Studio Solution File, Format Version 12.00
# Visual Studio Version 17
VisualStudioVersion = 17.13.35931.197 d17.13
MinimumVisualStudioVersion = 10.0.40219.1
Project("{8BC9CEB8-8B4A-11D0-8D11-00A0C91BC942}") = "GpaCalculator", "GpaCalculator.vcxproj", "{FF7DC5FE-7794-4144-8730-A6931FC37EAA}"
EndProject
Global
	GlobalSection(SolutionConfigurationPlatforms) = preSolution
		Debug|x64 = Debug|x64
		Debug|x86 = Debug|x86
		Release|x64 = Release|x64
		Release|x86 = Release|x86
	EndGlobalSection
	GlobalSection(ProjectConfigurationPlatforms) = postSolution
		{FF7DC5FE-7794-4144-8730-A6931FC37EAA}.Debug|x64.ActiveCfg = Debug|x64
		{FF7DC5FE-7794-4144-8730-A6931FC37EAA}.Debug|x64.Build.0 = Debug|x64
		{FF7DC5FE-7794-4144-8730-A6931FC37EAA}.Debug|x86.ActiveCfg = Debug|Win32
		{FF7DC5FE-7794-4144-8730-A6931FC37EAA}.Debug|x86.Build.0 = Debug|Win32
		{FF7DC5FE-7794-4144-8730-A6931FC37EAA}.Release|x64.ActiveCfg = Release|x64
		{FF7DC5FE-7794-4144-8730-A6931FC37EAA}.Release|x64.Build.0 = Release|x64
		{FF7DC5FE-7794-4144-8730-A6931FC37EAA}.Release|x86.ActiveCfg = Release|Win32
		{FF7DC5FE-7794-4144-8730-A6931FC37EAA}.Release|x86.Build.0 = Release|Win32
	EndGlobalSection
	GlobalSection(SolutionProperties) = preSolution
		HideSolutionNode = FALSE
	EndGlobalSection
	GlobalSection(ExtensibilityGlobals) = postSolution
		SolutionGuid = {8E145A3A-CC15-424D-9935-2963636A9B38}
	EndGlobalSection
EndGlobal
